// !$*UTF8*$!
{
	archiveVersion = 1;
	classes = {
	};
	objectVersion = 48;
	objects = {

/* Begin PBXBuildFile section */
		3833D47465D76BBE974C785C /* Pods_InstagramCloneTests.framework in Frameworks */ = {isa = PBXBuildFile; fileRef = 59B68C3521A577AD06BE2CCF /* Pods_InstagramCloneTests.framework */; };
		53F9BE58985CFA653BEAB147 /* Pods_InstagramClone.framework in Frameworks */ = {isa = PBXBuildFile; fileRef = 4E9CCC0713B895AD5AAFE3A5 /* Pods_InstagramClone.framework */; };
		98031E48204295A400D55191 /* HomeViewController.swift in Sources */ = {isa = PBXBuildFile; fileRef = 98031E47204295A400D55191 /* HomeViewController.swift */; };
		98031E4A204295C100D55191 /* HeaderView.swift in Sources */ = {isa = PBXBuildFile; fileRef = 98031E49204295C100D55191 /* HeaderView.swift */; };
		9803871C2041011B00D41A8A /* AppDelegate.swift in Sources */ = {isa = PBXBuildFile; fileRef = 9803871B2041011B00D41A8A /* AppDelegate.swift */; };
		980387212041011B00D41A8A /* Main.storyboard in Resources */ = {isa = PBXBuildFile; fileRef = 9803871F2041011B00D41A8A /* Main.storyboard */; };
		980387232041011B00D41A8A /* Assets.xcassets in Resources */ = {isa = PBXBuildFile; fileRef = 980387222041011B00D41A8A /* Assets.xcassets */; };
		980387262041011B00D41A8A /* LaunchScreen.storyboard in Resources */ = {isa = PBXBuildFile; fileRef = 980387242041011B00D41A8A /* LaunchScreen.storyboard */; };
		980387312041011B00D41A8A /* InstagramCloneTests.swift in Sources */ = {isa = PBXBuildFile; fileRef = 980387302041011B00D41A8A /* InstagramCloneTests.swift */; };
		9803873C2041011B00D41A8A /* InstagramCloneUITests.swift in Sources */ = {isa = PBXBuildFile; fileRef = 9803873B2041011B00D41A8A /* InstagramCloneUITests.swift */; };
		988F61982041142000DAD665 /* SignInViewController.swift in Sources */ = {isa = PBXBuildFile; fileRef = 988F61972041142000DAD665 /* SignInViewController.swift */; };
		988F619A2041143800DAD665 /* SignUpViewController.swift in Sources */ = {isa = PBXBuildFile; fileRef = 988F61992041143800DAD665 /* SignUpViewController.swift */; };
		988F619F2041147800DAD665 /* ResetPasswordViewController.swift in Sources */ = {isa = PBXBuildFile; fileRef = 988F619E2041147800DAD665 /* ResetPasswordViewController.swift */; };
		98DCDD952042983F00EA03B9 /* PictureCell.swift in Sources */ = {isa = PBXBuildFile; fileRef = 98DCDD942042983F00EA03B9 /* PictureCell.swift */; };
		98DCDD982042ACD100EA03B9 /* AddPostViewController.swift in Sources */ = {isa = PBXBuildFile; fileRef = 98DCDD972042ACD100EA03B9 /* AddPostViewController.swift */; };
		AE8D07A7113ADEDE91CF2E02 /* Pods_InstagramCloneUITests.framework in Frameworks */ = {isa = PBXBuildFile; fileRef = 438B102170A1A5E6B28F3AF5 /* Pods_InstagramCloneUITests.framework */; };
/* End PBXBuildFile section */

/* Begin PBXContainerItemProxy section */
		9803872D2041011B00D41A8A /* PBXContainerItemProxy */ = {
			isa = PBXContainerItemProxy;
			containerPortal = 980387102041011A00D41A8A /* Project object */;
			proxyType = 1;
			remoteGlobalIDString = 980387172041011B00D41A8A;
			remoteInfo = InstagramClone;
		};
		980387382041011B00D41A8A /* PBXContainerItemProxy */ = {
			isa = PBXContainerItemProxy;
			containerPortal = 980387102041011A00D41A8A /* Project object */;
			proxyType = 1;
			remoteGlobalIDString = 980387172041011B00D41A8A;
			remoteInfo = InstagramClone;
		};
/* End PBXContainerItemProxy section */

/* Begin PBXFileReference section */
		2B732AE9CD214DEB51EF6FF8 /* Pods-InstagramCloneTests.debug.xcconfig */ = {isa = PBXFileReference; includeInIndex = 1; lastKnownFileType = text.xcconfig; name = "Pods-InstagramCloneTests.debug.xcconfig"; path = "Pods/Target Support Files/Pods-InstagramCloneTests/Pods-InstagramCloneTests.debug.xcconfig"; sourceTree = "<group>"; };
		438B102170A1A5E6B28F3AF5 /* Pods_InstagramCloneUITests.framework */ = {isa = PBXFileReference; explicitFileType = wrapper.framework; includeInIndex = 0; path = Pods_InstagramCloneUITests.framework; sourceTree = BUILT_PRODUCTS_DIR; };
		4E9CCC0713B895AD5AAFE3A5 /* Pods_InstagramClone.framework */ = {isa = PBXFileReference; explicitFileType = wrapper.framework; includeInIndex = 0; path = Pods_InstagramClone.framework; sourceTree = BUILT_PRODUCTS_DIR; };
		59B68C3521A577AD06BE2CCF /* Pods_InstagramCloneTests.framework */ = {isa = PBXFileReference; explicitFileType = wrapper.framework; includeInIndex = 0; path = Pods_InstagramCloneTests.framework; sourceTree = BUILT_PRODUCTS_DIR; };
		61E85304DAB23BAF8C87287F /* Pods-InstagramClone.release.xcconfig */ = {isa = PBXFileReference; includeInIndex = 1; lastKnownFileType = text.xcconfig; name = "Pods-InstagramClone.release.xcconfig"; path = "Pods/Target Support Files/Pods-InstagramClone/Pods-InstagramClone.release.xcconfig"; sourceTree = "<group>"; };
		6C5020947B4865E36A17632C /* Pods-InstagramClone.debug.xcconfig */ = {isa = PBXFileReference; includeInIndex = 1; lastKnownFileType = text.xcconfig; name = "Pods-InstagramClone.debug.xcconfig"; path = "Pods/Target Support Files/Pods-InstagramClone/Pods-InstagramClone.debug.xcconfig"; sourceTree = "<group>"; };
		78146DF6F24037AEB65F7091 /* Pods-InstagramCloneTests.release.xcconfig */ = {isa = PBXFileReference; includeInIndex = 1; lastKnownFileType = text.xcconfig; name = "Pods-InstagramCloneTests.release.xcconfig"; path = "Pods/Target Support Files/Pods-InstagramCloneTests/Pods-InstagramCloneTests.release.xcconfig"; sourceTree = "<group>"; };
		98031E47204295A400D55191 /* HomeViewController.swift */ = {isa = PBXFileReference; lastKnownFileType = sourcecode.swift; path = HomeViewController.swift; sourceTree = "<group>"; };
		98031E49204295C100D55191 /* HeaderView.swift */ = {isa = PBXFileReference; lastKnownFileType = sourcecode.swift; path = HeaderView.swift; sourceTree = "<group>"; };
		980387182041011B00D41A8A /* InstagramClone.app */ = {isa = PBXFileReference; explicitFileType = wrapper.application; includeInIndex = 0; path = InstagramClone.app; sourceTree = BUILT_PRODUCTS_DIR; };
		9803871B2041011B00D41A8A /* AppDelegate.swift */ = {isa = PBXFileReference; lastKnownFileType = sourcecode.swift; path = AppDelegate.swift; sourceTree = "<group>"; };
		980387202041011B00D41A8A /* Base */ = {isa = PBXFileReference; lastKnownFileType = file.storyboard; name = Base; path = Base.lproj/Main.storyboard; sourceTree = "<group>"; };
		980387222041011B00D41A8A /* Assets.xcassets */ = {isa = PBXFileReference; lastKnownFileType = folder.assetcatalog; path = Assets.xcassets; sourceTree = "<group>"; };
		980387252041011B00D41A8A /* Base */ = {isa = PBXFileReference; lastKnownFileType = file.storyboard; name = Base; path = Base.lproj/LaunchScreen.storyboard; sourceTree = "<group>"; };
		980387272041011B00D41A8A /* Info.plist */ = {isa = PBXFileReference; lastKnownFileType = text.plist.xml; path = Info.plist; sourceTree = "<group>"; };
		9803872C2041011B00D41A8A /* InstagramCloneTests.xctest */ = {isa = PBXFileReference; explicitFileType = wrapper.cfbundle; includeInIndex = 0; path = InstagramCloneTests.xctest; sourceTree = BUILT_PRODUCTS_DIR; };
		980387302041011B00D41A8A /* InstagramCloneTests.swift */ = {isa = PBXFileReference; lastKnownFileType = sourcecode.swift; path = InstagramCloneTests.swift; sourceTree = "<group>"; };
		980387322041011B00D41A8A /* Info.plist */ = {isa = PBXFileReference; lastKnownFileType = text.plist.xml; path = Info.plist; sourceTree = "<group>"; };
		980387372041011B00D41A8A /* InstagramCloneUITests.xctest */ = {isa = PBXFileReference; explicitFileType = wrapper.cfbundle; includeInIndex = 0; path = InstagramCloneUITests.xctest; sourceTree = BUILT_PRODUCTS_DIR; };
		9803873B2041011B00D41A8A /* InstagramCloneUITests.swift */ = {isa = PBXFileReference; lastKnownFileType = sourcecode.swift; path = InstagramCloneUITests.swift; sourceTree = "<group>"; };
		9803873D2041011B00D41A8A /* Info.plist */ = {isa = PBXFileReference; lastKnownFileType = text.plist.xml; path = Info.plist; sourceTree = "<group>"; };
		988F61972041142000DAD665 /* SignInViewController.swift */ = {isa = PBXFileReference; lastKnownFileType = sourcecode.swift; path = SignInViewController.swift; sourceTree = "<group>"; };
		988F61992041143800DAD665 /* SignUpViewController.swift */ = {isa = PBXFileReference; lastKnownFileType = sourcecode.swift; path = SignUpViewController.swift; sourceTree = "<group>"; };
		988F619E2041147800DAD665 /* ResetPasswordViewController.swift */ = {isa = PBXFileReference; lastKnownFileType = sourcecode.swift; path = ResetPasswordViewController.swift; sourceTree = "<group>"; };
		98DCDD942042983F00EA03B9 /* PictureCell.swift */ = {isa = PBXFileReference; lastKnownFileType = sourcecode.swift; path = PictureCell.swift; sourceTree = "<group>"; };
		98DCDD972042ACD100EA03B9 /* AddPostViewController.swift */ = {isa = PBXFileReference; lastKnownFileType = sourcecode.swift; path = AddPostViewController.swift; sourceTree = "<group>"; };
		D45C96FB965938B255BB53DC /* Pods-InstagramCloneUITests.release.xcconfig */ = {isa = PBXFileReference; includeInIndex = 1; lastKnownFileType = text.xcconfig; name = "Pods-InstagramCloneUITests.release.xcconfig"; path = "Pods/Target Support Files/Pods-InstagramCloneUITests/Pods-InstagramCloneUITests.release.xcconfig"; sourceTree = "<group>"; };
		E972AFEBE2D7F6734B4E2713 /* Pods-InstagramCloneUITests.debug.xcconfig */ = {isa = PBXFileReference; includeInIndex = 1; lastKnownFileType = text.xcconfig; name = "Pods-InstagramCloneUITests.debug.xcconfig"; path = "Pods/Target Support Files/Pods-InstagramCloneUITests/Pods-InstagramCloneUITests.debug.xcconfig"; sourceTree = "<group>"; };
/* End PBXFileReference section */

/* Begin PBXFrameworksBuildPhase section */
		980387152041011B00D41A8A /* Frameworks */ = {
			isa = PBXFrameworksBuildPhase;
			buildActionMask = 2147483647;
			files = (
				53F9BE58985CFA653BEAB147 /* Pods_InstagramClone.framework in Frameworks */,
			);
			runOnlyForDeploymentPostprocessing = 0;
		};
		980387292041011B00D41A8A /* Frameworks */ = {
			isa = PBXFrameworksBuildPhase;
			buildActionMask = 2147483647;
			files = (
				3833D47465D76BBE974C785C /* Pods_InstagramCloneTests.framework in Frameworks */,
			);
			runOnlyForDeploymentPostprocessing = 0;
		};
		980387342041011B00D41A8A /* Frameworks */ = {
			isa = PBXFrameworksBuildPhase;
			buildActionMask = 2147483647;
			files = (
				AE8D07A7113ADEDE91CF2E02 /* Pods_InstagramCloneUITests.framework in Frameworks */,
			);
			runOnlyForDeploymentPostprocessing = 0;
		};
/* End PBXFrameworksBuildPhase section */

/* Begin PBXGroup section */
		4AC884B638F204BC1F4D7D4E /* Pods */ = {
			isa = PBXGroup;
			children = (
				6C5020947B4865E36A17632C /* Pods-InstagramClone.debug.xcconfig */,
				61E85304DAB23BAF8C87287F /* Pods-InstagramClone.release.xcconfig */,
				2B732AE9CD214DEB51EF6FF8 /* Pods-InstagramCloneTests.debug.xcconfig */,
				78146DF6F24037AEB65F7091 /* Pods-InstagramCloneTests.release.xcconfig */,
				E972AFEBE2D7F6734B4E2713 /* Pods-InstagramCloneUITests.debug.xcconfig */,
				D45C96FB965938B255BB53DC /* Pods-InstagramCloneUITests.release.xcconfig */,
			);
			name = Pods;
			sourceTree = "<group>";
		};
		9803870F2041011A00D41A8A = {
			isa = PBXGroup;
			children = (
				9803871A2041011B00D41A8A /* InstagramClone */,
				9803872F2041011B00D41A8A /* InstagramCloneTests */,
				9803873A2041011B00D41A8A /* InstagramCloneUITests */,
				980387192041011B00D41A8A /* Products */,
				4AC884B638F204BC1F4D7D4E /* Pods */,
				FC9F0886CE157212BA0F66AB /* Frameworks */,
			);
			sourceTree = "<group>";
		};
		980387192041011B00D41A8A /* Products */ = {
			isa = PBXGroup;
			children = (
				980387182041011B00D41A8A /* InstagramClone.app */,
				9803872C2041011B00D41A8A /* InstagramCloneTests.xctest */,
				980387372041011B00D41A8A /* InstagramCloneUITests.xctest */,
			);
			name = Products;
			sourceTree = "<group>";
		};
		9803871A2041011B00D41A8A /* InstagramClone */ = {
			isa = PBXGroup;
			children = (
				9803871B2041011B00D41A8A /* AppDelegate.swift */,
				988F619D2041145200DAD665 /* Model */,
				988F619C2041144700DAD665 /* View */,
				988F619B2041144000DAD665 /* Controller */,
				9803871F2041011B00D41A8A /* Main.storyboard */,
				980387222041011B00D41A8A /* Assets.xcassets */,
				980387242041011B00D41A8A /* LaunchScreen.storyboard */,
				980387272041011B00D41A8A /* Info.plist */,
			);
			path = InstagramClone;
			sourceTree = "<group>";
		};
		9803872F2041011B00D41A8A /* InstagramCloneTests */ = {
			isa = PBXGroup;
			children = (
				980387302041011B00D41A8A /* InstagramCloneTests.swift */,
				980387322041011B00D41A8A /* Info.plist */,
			);
			path = InstagramCloneTests;
			sourceTree = "<group>";
		};
		9803873A2041011B00D41A8A /* InstagramCloneUITests */ = {
			isa = PBXGroup;
			children = (
				9803873B2041011B00D41A8A /* InstagramCloneUITests.swift */,
				9803873D2041011B00D41A8A /* Info.plist */,
			);
			path = InstagramCloneUITests;
			sourceTree = "<group>";
		};
		988F619B2041144000DAD665 /* Controller */ = {
			isa = PBXGroup;
			children = (
				988F61992041143800DAD665 /* SignUpViewController.swift */,
				988F61972041142000DAD665 /* SignInViewController.swift */,
				98031E47204295A400D55191 /* HomeViewController.swift */,
				988F619E2041147800DAD665 /* ResetPasswordViewController.swift */,
				98DCDD972042ACD100EA03B9 /* AddPostViewController.swift */,
			);
			path = Controller;
			sourceTree = "<group>";
		};
		988F619C2041144700DAD665 /* View */ = {
			isa = PBXGroup;
			children = (
				98031E49204295C100D55191 /* HeaderView.swift */,
			);
			path = View;
			sourceTree = "<group>";
		};
		988F619D2041145200DAD665 /* Model */ = {
			isa = PBXGroup;
			children = (
				98DCDD942042983F00EA03B9 /* PictureCell.swift */,
			);
			path = Model;
			sourceTree = "<group>";
		};
		FC9F0886CE157212BA0F66AB /* Frameworks */ = {
			isa = PBXGroup;
			children = (
				4E9CCC0713B895AD5AAFE3A5 /* Pods_InstagramClone.framework */,
				59B68C3521A577AD06BE2CCF /* Pods_InstagramCloneTests.framework */,
				438B102170A1A5E6B28F3AF5 /* Pods_InstagramCloneUITests.framework */,
			);
			name = Frameworks;
			sourceTree = "<group>";
		};
/* End PBXGroup section */

/* Begin PBXNativeTarget section */
		980387172041011B00D41A8A /* InstagramClone */ = {
			isa = PBXNativeTarget;
			buildConfigurationList = 980387402041011B00D41A8A /* Build configuration list for PBXNativeTarget "InstagramClone" */;
			buildPhases = (
				54134BA0750D5E455AAA49AA /* [CP] Check Pods Manifest.lock */,
				980387142041011B00D41A8A /* Sources */,
				980387152041011B00D41A8A /* Frameworks */,
				980387162041011B00D41A8A /* Resources */,
				76F063490F7736E8783B42D3 /* [CP] Embed Pods Frameworks */,
				B9D875CED81AC050943D373F /* [CP] Copy Pods Resources */,
			);
			buildRules = (
			);
			dependencies = (
			);
			name = InstagramClone;
			productName = InstagramClone;
			productReference = 980387182041011B00D41A8A /* InstagramClone.app */;
			productType = "com.apple.product-type.application";
		};
		9803872B2041011B00D41A8A /* InstagramCloneTests */ = {
			isa = PBXNativeTarget;
			buildConfigurationList = 980387432041011B00D41A8A /* Build configuration list for PBXNativeTarget "InstagramCloneTests" */;
			buildPhases = (
				4EA10CCE6833D0F02A5AB3A5 /* [CP] Check Pods Manifest.lock */,
				980387282041011B00D41A8A /* Sources */,
				980387292041011B00D41A8A /* Frameworks */,
				9803872A2041011B00D41A8A /* Resources */,
				EFE16C906F05C515DBE05F70 /* [CP] Embed Pods Frameworks */,
				A0A522A575941C623BFD1320 /* [CP] Copy Pods Resources */,
			);
			buildRules = (
			);
			dependencies = (
				9803872E2041011B00D41A8A /* PBXTargetDependency */,
			);
			name = InstagramCloneTests;
			productName = InstagramCloneTests;
			productReference = 9803872C2041011B00D41A8A /* InstagramCloneTests.xctest */;
			productType = "com.apple.product-type.bundle.unit-test";
		};
		980387362041011B00D41A8A /* InstagramCloneUITests */ = {
			isa = PBXNativeTarget;
			buildConfigurationList = 980387462041011B00D41A8A /* Build configuration list for PBXNativeTarget "InstagramCloneUITests" */;
			buildPhases = (
				443A95B96BC977825DAABD83 /* [CP] Check Pods Manifest.lock */,
				980387332041011B00D41A8A /* Sources */,
				980387342041011B00D41A8A /* Frameworks */,
				980387352041011B00D41A8A /* Resources */,
				1FF4AE8D28B6C7C70CE47B8B /* [CP] Embed Pods Frameworks */,
				B8476F7E7ADD91DBE83998F2 /* [CP] Copy Pods Resources */,
			);
			buildRules = (
			);
			dependencies = (
				980387392041011B00D41A8A /* PBXTargetDependency */,
			);
			name = InstagramCloneUITests;
			productName = InstagramCloneUITests;
			productReference = 980387372041011B00D41A8A /* InstagramCloneUITests.xctest */;
			productType = "com.apple.product-type.bundle.ui-testing";
		};
/* End PBXNativeTarget section */

/* Begin PBXProject section */
		980387102041011A00D41A8A /* Project object */ = {
			isa = PBXProject;
			attributes = {
				LastSwiftUpdateCheck = 0920;
				LastUpgradeCheck = 0920;
				ORGANIZATIONNAME = "Mihai Ruber";
				TargetAttributes = {
					980387172041011B00D41A8A = {
						CreatedOnToolsVersion = 9.2;
						ProvisioningStyle = Automatic;
					};
					9803872B2041011B00D41A8A = {
						CreatedOnToolsVersion = 9.2;
						ProvisioningStyle = Automatic;
						TestTargetID = 980387172041011B00D41A8A;
					};
					980387362041011B00D41A8A = {
						CreatedOnToolsVersion = 9.2;
						ProvisioningStyle = Automatic;
						TestTargetID = 980387172041011B00D41A8A;
					};
				};
			};
			buildConfigurationList = 980387132041011A00D41A8A /* Build configuration list for PBXProject "InstagramClone" */;
			compatibilityVersion = "Xcode 8.0";
			developmentRegion = en;
			hasScannedForEncodings = 0;
			knownRegions = (
				en,
				Base,
			);
			mainGroup = 9803870F2041011A00D41A8A;
			productRefGroup = 980387192041011B00D41A8A /* Products */;
			projectDirPath = "";
			projectRoot = "";
			targets = (
				980387172041011B00D41A8A /* InstagramClone */,
				9803872B2041011B00D41A8A /* InstagramCloneTests */,
				980387362041011B00D41A8A /* InstagramCloneUITests */,
			);
		};
/* End PBXProject section */

/* Begin PBXResourcesBuildPhase section */
		980387162041011B00D41A8A /* Resources */ = {
			isa = PBXResourcesBuildPhase;
			buildActionMask = 2147483647;
			files = (
				980387262041011B00D41A8A /* LaunchScreen.storyboard in Resources */,
				980387232041011B00D41A8A /* Assets.xcassets in Resources */,
				980387212041011B00D41A8A /* Main.storyboard in Resources */,
			);
			runOnlyForDeploymentPostprocessing = 0;
		};
		9803872A2041011B00D41A8A /* Resources */ = {
			isa = PBXResourcesBuildPhase;
			buildActionMask = 2147483647;
			files = (
			);
			runOnlyForDeploymentPostprocessing = 0;
		};
		980387352041011B00D41A8A /* Resources */ = {
			isa = PBXResourcesBuildPhase;
			buildActionMask = 2147483647;
			files = (
			);
			runOnlyForDeploymentPostprocessing = 0;
		};
/* End PBXResourcesBuildPhase section */

/* Begin PBXShellScriptBuildPhase section */
		1FF4AE8D28B6C7C70CE47B8B /* [CP] Embed Pods Frameworks */ = {
			isa = PBXShellScriptBuildPhase;
			buildActionMask = 2147483647;
			files = (
			);
			inputPaths = (
			);
			name = "[CP] Embed Pods Frameworks";
			outputPaths = (
			);
			runOnlyForDeploymentPostprocessing = 0;
			shellPath = /bin/sh;
			shellScript = "\"${SRCROOT}/Pods/Target Support Files/Pods-InstagramCloneUITests/Pods-InstagramCloneUITests-frameworks.sh\"\n";
			showEnvVarsInLog = 0;
		};
		443A95B96BC977825DAABD83 /* [CP] Check Pods Manifest.lock */ = {
			isa = PBXShellScriptBuildPhase;
			buildActionMask = 2147483647;
			files = (
			);
			inputPaths = (
				"${PODS_PODFILE_DIR_PATH}/Podfile.lock",
				"${PODS_ROOT}/Manifest.lock",
			);
			name = "[CP] Check Pods Manifest.lock";
			outputPaths = (
				"$(DERIVED_FILE_DIR)/Pods-InstagramCloneUITests-checkManifestLockResult.txt",
			);
			runOnlyForDeploymentPostprocessing = 0;
			shellPath = /bin/sh;
			shellScript = "diff \"${PODS_PODFILE_DIR_PATH}/Podfile.lock\" \"${PODS_ROOT}/Manifest.lock\" > /dev/null\nif [ $? != 0 ] ; then\n    # print error to STDERR\n    echo \"error: The sandbox is not in sync with the Podfile.lock. Run 'pod install' or update your CocoaPods installation.\" >&2\n    exit 1\nfi\n# This output is used by Xcode 'outputs' to avoid re-running this script phase.\necho \"SUCCESS\" > \"${SCRIPT_OUTPUT_FILE_0}\"\n";
			showEnvVarsInLog = 0;
		};
		4EA10CCE6833D0F02A5AB3A5 /* [CP] Check Pods Manifest.lock */ = {
			isa = PBXShellScriptBuildPhase;
			buildActionMask = 2147483647;
			files = (
			);
			inputPaths = (
				"${PODS_PODFILE_DIR_PATH}/Podfile.lock",
				"${PODS_ROOT}/Manifest.lock",
			);
			name = "[CP] Check Pods Manifest.lock";
			outputPaths = (
				"$(DERIVED_FILE_DIR)/Pods-InstagramCloneTests-checkManifestLockResult.txt",
			);
			runOnlyForDeploymentPostprocessing = 0;
			shellPath = /bin/sh;
			shellScript = "diff \"${PODS_PODFILE_DIR_PATH}/Podfile.lock\" \"${PODS_ROOT}/Manifest.lock\" > /dev/null\nif [ $? != 0 ] ; then\n    # print error to STDERR\n    echo \"error: The sandbox is not in sync with the Podfile.lock. Run 'pod install' or update your CocoaPods installation.\" >&2\n    exit 1\nfi\n# This output is used by Xcode 'outputs' to avoid re-running this script phase.\necho \"SUCCESS\" > \"${SCRIPT_OUTPUT_FILE_0}\"\n";
			showEnvVarsInLog = 0;
		};
		54134BA0750D5E455AAA49AA /* [CP] Check Pods Manifest.lock */ = {
			isa = PBXShellScriptBuildPhase;
			buildActionMask = 2147483647;
			files = (
			);
			inputPaths = (
				"${PODS_PODFILE_DIR_PATH}/Podfile.lock",
				"${PODS_ROOT}/Manifest.lock",
			);
			name = "[CP] Check Pods Manifest.lock";
			outputPaths = (
				"$(DERIVED_FILE_DIR)/Pods-InstagramClone-checkManifestLockResult.txt",
			);
			runOnlyForDeploymentPostprocessing = 0;
			shellPath = /bin/sh;
			shellScript = "diff \"${PODS_PODFILE_DIR_PATH}/Podfile.lock\" \"${PODS_ROOT}/Manifest.lock\" > /dev/null\nif [ $? != 0 ] ; then\n    # print error to STDERR\n    echo \"error: The sandbox is not in sync with the Podfile.lock. Run 'pod install' or update your CocoaPods installation.\" >&2\n    exit 1\nfi\n# This output is used by Xcode 'outputs' to avoid re-running this script phase.\necho \"SUCCESS\" > \"${SCRIPT_OUTPUT_FILE_0}\"\n";
			showEnvVarsInLog = 0;
		};
		76F063490F7736E8783B42D3 /* [CP] Embed Pods Frameworks */ = {
			isa = PBXShellScriptBuildPhase;
			buildActionMask = 2147483647;
			files = (
			);
			inputPaths = (
				"${SRCROOT}/Pods/Target Support Files/Pods-InstagramClone/Pods-InstagramClone-frameworks.sh",
				"${BUILT_PRODUCTS_DIR}/Bolts/Bolts.framework",
				"${BUILT_PRODUCTS_DIR}/IQKeyboardManagerSwift/IQKeyboardManagerSwift.framework",
				"${BUILT_PRODUCTS_DIR}/Parse/Parse.framework",
			);
			name = "[CP] Embed Pods Frameworks";
			outputPaths = (
				"${TARGET_BUILD_DIR}/${FRAMEWORKS_FOLDER_PATH}/Bolts.framework",
				"${TARGET_BUILD_DIR}/${FRAMEWORKS_FOLDER_PATH}/IQKeyboardManagerSwift.framework",
				"${TARGET_BUILD_DIR}/${FRAMEWORKS_FOLDER_PATH}/Parse.framework",
			);
			runOnlyForDeploymentPostprocessing = 0;
			shellPath = /bin/sh;
			shellScript = "\"${SRCROOT}/Pods/Target Support Files/Pods-InstagramClone/Pods-InstagramClone-frameworks.sh\"\n";
			showEnvVarsInLog = 0;
		};
		A0A522A575941C623BFD1320 /* [CP] Copy Pods Resources */ = {
			isa = PBXShellScriptBuildPhase;
			buildActionMask = 2147483647;
			files = (
			);
			inputPaths = (
			);
			name = "[CP] Copy Pods Resources";
			outputPaths = (
			);
			runOnlyForDeploymentPostprocessing = 0;
			shellPath = /bin/sh;
			shellScript = "\"${SRCROOT}/Pods/Target Support Files/Pods-InstagramCloneTests/Pods-InstagramCloneTests-resources.sh\"\n";
			showEnvVarsInLog = 0;
		};
		B8476F7E7ADD91DBE83998F2 /* [CP] Copy Pods Resources */ = {
			isa = PBXShellScriptBuildPhase;
			buildActionMask = 2147483647;
			files = (
			);
			inputPaths = (
			);
			name = "[CP] Copy Pods Resources";
			outputPaths = (
			);
			runOnlyForDeploymentPostprocessing = 0;
			shellPath = /bin/sh;
			shellScript = "\"${SRCROOT}/Pods/Target Support Files/Pods-InstagramCloneUITests/Pods-InstagramCloneUITests-resources.sh\"\n";
			showEnvVarsInLog = 0;
		};
		B9D875CED81AC050943D373F /* [CP] Copy Pods Resources */ = {
			isa = PBXShellScriptBuildPhase;
			buildActionMask = 2147483647;
			files = (
			);
			inputPaths = (
			);
			name = "[CP] Copy Pods Resources";
			outputPaths = (
			);
			runOnlyForDeploymentPostprocessing = 0;
			shellPath = /bin/sh;
			shellScript = "\"${SRCROOT}/Pods/Target Support Files/Pods-InstagramClone/Pods-InstagramClone-resources.sh\"\n";
			showEnvVarsInLog = 0;
		};
		EFE16C906F05C515DBE05F70 /* [CP] Embed Pods Frameworks */ = {
			isa = PBXShellScriptBuildPhase;
			buildActionMask = 2147483647;
			files = (
			);
			inputPaths = (
			);
			name = "[CP] Embed Pods Frameworks";
			outputPaths = (
			);
			runOnlyForDeploymentPostprocessing = 0;
			shellPath = /bin/sh;
			shellScript = "\"${SRCROOT}/Pods/Target Support Files/Pods-InstagramCloneTests/Pods-InstagramCloneTests-frameworks.sh\"\n";
			showEnvVarsInLog = 0;
		};
/* End PBXShellScriptBuildPhase section */

/* Begin PBXSourcesBuildPhase section */
		980387142041011B00D41A8A /* Sources */ = {
			isa = PBXSourcesBuildPhase;
			buildActionMask = 2147483647;
			files = (
				98031E48204295A400D55191 /* HomeViewController.swift in Sources */,
				98031E4A204295C100D55191 /* HeaderView.swift in Sources */,
				9803871C2041011B00D41A8A /* AppDelegate.swift in Sources */,
				988F619F2041147800DAD665 /* ResetPasswordViewController.swift in Sources */,
				98DCDD982042ACD100EA03B9 /* AddPostViewController.swift in Sources */,
				988F619A2041143800DAD665 /* SignUpViewController.swift in Sources */,
				98DCDD952042983F00EA03B9 /* PictureCell.swift in Sources */,
				988F61982041142000DAD665 /* SignInViewController.swift in Sources */,
			);
			runOnlyForDeploymentPostprocessing = 0;
		};
		980387282041011B00D41A8A /* Sources */ = {
			isa = PBXSourcesBuildPhase;
			buildActionMask = 2147483647;
			files = (
				980387312041011B00D41A8A /* InstagramCloneTests.swift in Sources */,
			);
			runOnlyForDeploymentPostprocessing = 0;
		};
		980387332041011B00D41A8A /* Sources */ = {
			isa = PBXSourcesBuildPhase;
			buildActionMask = 2147483647;
			files = (
				9803873C2041011B00D41A8A /* InstagramCloneUITests.swift in Sources */,
			);
			runOnlyForDeploymentPostprocessing = 0;
		};
/* End PBXSourcesBuildPhase section */

/* Begin PBXTargetDependency section */
		9803872E2041011B00D41A8A /* PBXTargetDependency */ = {
			isa = PBXTargetDependency;
			target = 980387172041011B00D41A8A /* InstagramClone */;
			targetProxy = 9803872D2041011B00D41A8A /* PBXContainerItemProxy */;
		};
		980387392041011B00D41A8A /* PBXTargetDependency */ = {
			isa = PBXTargetDependency;
			target = 980387172041011B00D41A8A /* InstagramClone */;
			targetProxy = 980387382041011B00D41A8A /* PBXContainerItemProxy */;
		};
/* End PBXTargetDependency section */

/* Begin PBXVariantGroup section */
		9803871F2041011B00D41A8A /* Main.storyboard */ = {
			isa = PBXVariantGroup;
			children = (
				980387202041011B00D41A8A /* Base */,
			);
			name = Main.storyboard;
			sourceTree = "<group>";
		};
		980387242041011B00D41A8A /* LaunchScreen.storyboard */ = {
			isa = PBXVariantGroup;
			children = (
				980387252041011B00D41A8A /* Base */,
			);
			name = LaunchScreen.storyboard;
			sourceTree = "<group>";
		};
/* End PBXVariantGroup section */

/* Begin XCBuildConfiguration section */
		9803873E2041011B00D41A8A /* Debug */ = {
			isa = XCBuildConfiguration;
			buildSettings = {
				ALWAYS_SEARCH_USER_PATHS = NO;
				CLANG_ANALYZER_NONNULL = YES;
				CLANG_ANALYZER_NUMBER_OBJECT_CONVERSION = YES_AGGRESSIVE;
				CLANG_CXX_LANGUAGE_STANDARD = "gnu++14";
				CLANG_CXX_LIBRARY = "libc++";
				CLANG_ENABLE_MODULES = YES;
				CLANG_ENABLE_OBJC_ARC = YES;
				CLANG_WARN_BLOCK_CAPTURE_AUTORELEASING = YES;
				CLANG_WARN_BOOL_CONVERSION = YES;
				CLANG_WARN_COMMA = YES;
				CLANG_WARN_CONSTANT_CONVERSION = YES;
				CLANG_WARN_DIRECT_OBJC_ISA_USAGE = YES_ERROR;
				CLANG_WARN_DOCUMENTATION_COMMENTS = YES;
				CLANG_WARN_EMPTY_BODY = YES;
				CLANG_WARN_ENUM_CONVERSION = YES;
				CLANG_WARN_INFINITE_RECURSION = YES;
				CLANG_WARN_INT_CONVERSION = YES;
				CLANG_WARN_NON_LITERAL_NULL_CONVERSION = YES;
				CLANG_WARN_OBJC_LITERAL_CONVERSION = YES;
				CLANG_WARN_OBJC_ROOT_CLASS = YES_ERROR;
				CLANG_WARN_RANGE_LOOP_ANALYSIS = YES;
				CLANG_WARN_STRICT_PROTOTYPES = YES;
				CLANG_WARN_SUSPICIOUS_MOVE = YES;
				CLANG_WARN_UNGUARDED_AVAILABILITY = YES_AGGRESSIVE;
				CLANG_WARN_UNREACHABLE_CODE = YES;
				CLANG_WARN__DUPLICATE_METHOD_MATCH = YES;
				CODE_SIGN_IDENTITY = "iPhone Developer";
				COPY_PHASE_STRIP = NO;
				DEBUG_INFORMATION_FORMAT = dwarf;
				ENABLE_STRICT_OBJC_MSGSEND = YES;
				ENABLE_TESTABILITY = YES;
				GCC_C_LANGUAGE_STANDARD = gnu11;
				GCC_DYNAMIC_NO_PIC = NO;
				GCC_NO_COMMON_BLOCKS = YES;
				GCC_OPTIMIZATION_LEVEL = 0;
				GCC_PREPROCESSOR_DEFINITIONS = (
					"DEBUG=1",
					"$(inherited)",
				);
				GCC_WARN_64_TO_32_BIT_CONVERSION = YES;
				GCC_WARN_ABOUT_RETURN_TYPE = YES_ERROR;
				GCC_WARN_UNDECLARED_SELECTOR = YES;
				GCC_WARN_UNINITIALIZED_AUTOS = YES_AGGRESSIVE;
				GCC_WARN_UNUSED_FUNCTION = YES;
				GCC_WARN_UNUSED_VARIABLE = YES;
				IPHONEOS_DEPLOYMENT_TARGET = 11.2;
				MTL_ENABLE_DEBUG_INFO = YES;
				ONLY_ACTIVE_ARCH = YES;
				SDKROOT = iphoneos;
				SWIFT_ACTIVE_COMPILATION_CONDITIONS = DEBUG;
				SWIFT_OPTIMIZATION_LEVEL = "-Onone";
			};
			name = Debug;
		};
		9803873F2041011B00D41A8A /* Release */ = {
			isa = XCBuildConfiguration;
			buildSettings = {
				ALWAYS_SEARCH_USER_PATHS = NO;
				CLANG_ANALYZER_NONNULL = YES;
				CLANG_ANALYZER_NUMBER_OBJECT_CONVERSION = YES_AGGRESSIVE;
				CLANG_CXX_LANGUAGE_STANDARD = "gnu++14";
				CLANG_CXX_LIBRARY = "libc++";
				CLANG_ENABLE_MODULES = YES;
				CLANG_ENABLE_OBJC_ARC = YES;
				CLANG_WARN_BLOCK_CAPTURE_AUTORELEASING = YES;
				CLANG_WARN_BOOL_CONVERSION = YES;
				CLANG_WARN_COMMA = YES;
				CLANG_WARN_CONSTANT_CONVERSION = YES;
				CLANG_WARN_DIRECT_OBJC_ISA_USAGE = YES_ERROR;
				CLANG_WARN_DOCUMENTATION_COMMENTS = YES;
				CLANG_WARN_EMPTY_BODY = YES;
				CLANG_WARN_ENUM_CONVERSION = YES;
				CLANG_WARN_INFINITE_RECURSION = YES;
				CLANG_WARN_INT_CONVERSION = YES;
				CLANG_WARN_NON_LITERAL_NULL_CONVERSION = YES;
				CLANG_WARN_OBJC_LITERAL_CONVERSION = YES;
				CLANG_WARN_OBJC_ROOT_CLASS = YES_ERROR;
				CLANG_WARN_RANGE_LOOP_ANALYSIS = YES;
				CLANG_WARN_STRICT_PROTOTYPES = YES;
				CLANG_WARN_SUSPICIOUS_MOVE = YES;
				CLANG_WARN_UNGUARDED_AVAILABILITY = YES_AGGRESSIVE;
				CLANG_WARN_UNREACHABLE_CODE = YES;
				CLANG_WARN__DUPLICATE_METHOD_MATCH = YES;
				CODE_SIGN_IDENTITY = "iPhone Developer";
				COPY_PHASE_STRIP = NO;
				DEBUG_INFORMATION_FORMAT = "dwarf-with-dsym";
				ENABLE_NS_ASSERTIONS = NO;
				ENABLE_STRICT_OBJC_MSGSEND = YES;
				GCC_C_LANGUAGE_STANDARD = gnu11;
				GCC_NO_COMMON_BLOCKS = YES;
				GCC_WARN_64_TO_32_BIT_CONVERSION = YES;
				GCC_WARN_ABOUT_RETURN_TYPE = YES_ERROR;
				GCC_WARN_UNDECLARED_SELECTOR = YES;
				GCC_WARN_UNINITIALIZED_AUTOS = YES_AGGRESSIVE;
				GCC_WARN_UNUSED_FUNCTION = YES;
				GCC_WARN_UNUSED_VARIABLE = YES;
				IPHONEOS_DEPLOYMENT_TARGET = 11.2;
				MTL_ENABLE_DEBUG_INFO = NO;
				SDKROOT = iphoneos;
				SWIFT_OPTIMIZATION_LEVEL = "-Owholemodule";
				VALIDATE_PRODUCT = YES;
			};
			name = Release;
		};
		980387412041011B00D41A8A /* Debug */ = {
			isa = XCBuildConfiguration;
			baseConfigurationReference = 6C5020947B4865E36A17632C /* Pods-InstagramClone.debug.xcconfig */;
			buildSettings = {
				ASSETCATALOG_COMPILER_APPICON_NAME = AppIcon;
				CODE_SIGN_STYLE = Automatic;
				DEVELOPMENT_TEAM = DSX523G48J;
				INFOPLIST_FILE = InstagramClone/Info.plist;
				IPHONEOS_DEPLOYMENT_TARGET = 11.2;
				LD_RUNPATH_SEARCH_PATHS = "$(inherited) @executable_path/Frameworks";
				PRODUCT_BUNDLE_IDENTIFIER = com.ruberapps.InstagramClone;
				PRODUCT_NAME = "$(TARGET_NAME)";
				SWIFT_VERSION = 4.0;
				TARGETED_DEVICE_FAMILY = "1,2";
			};
			name = Debug;
		};
		980387422041011B00D41A8A /* Release */ = {
			isa = XCBuildConfiguration;
			baseConfigurationReference = 61E85304DAB23BAF8C87287F /* Pods-InstagramClone.release.xcconfig */;
			buildSettings = {
				ASSETCATALOG_COMPILER_APPICON_NAME = AppIcon;
				CODE_SIGN_STYLE = Automatic;
				DEVELOPMENT_TEAM = DSX523G48J;
				INFOPLIST_FILE = InstagramClone/Info.plist;
				IPHONEOS_DEPLOYMENT_TARGET = 11.2;
				LD_RUNPATH_SEARCH_PATHS = "$(inherited) @executable_path/Frameworks";
				PRODUCT_BUNDLE_IDENTIFIER = com.ruberapps.InstagramClone;
				PRODUCT_NAME = "$(TARGET_NAME)";
				SWIFT_VERSION = 4.0;
				TARGETED_DEVICE_FAMILY = "1,2";
			};
			name = Release;
		};
		980387442041011B00D41A8A /* Debug */ = {
			isa = XCBuildConfiguration;
			baseConfigurationReference = 2B732AE9CD214DEB51EF6FF8 /* Pods-InstagramCloneTests.debug.xcconfig */;
			buildSettings = {
				ALWAYS_EMBED_SWIFT_STANDARD_LIBRARIES = YES;
				BUNDLE_LOADER = "$(TEST_HOST)";
				CODE_SIGN_STYLE = Automatic;
				DEVELOPMENT_TEAM = DSX523G48J;
				INFOPLIST_FILE = InstagramCloneTests/Info.plist;
				LD_RUNPATH_SEARCH_PATHS = "$(inherited) @executable_path/Frameworks @loader_path/Frameworks";
				PRODUCT_BUNDLE_IDENTIFIER = com.ruberapps.InstagramCloneTests;
				PRODUCT_NAME = "$(TARGET_NAME)";
				SWIFT_VERSION = 4.0;
				TARGETED_DEVICE_FAMILY = "1,2";
				TEST_HOST = "$(BUILT_PRODUCTS_DIR)/InstagramClone.app/InstagramClone";
			};
			name = Debug;
		};
		980387452041011B00D41A8A /* Release */ = {
			isa = XCBuildConfiguration;
			baseConfigurationReference = 78146DF6F24037AEB65F7091 /* Pods-InstagramCloneTests.release.xcconfig */;
			buildSettings = {
				ALWAYS_EMBED_SWIFT_STANDARD_LIBRARIES = YES;
				BUNDLE_LOADER = "$(TEST_HOST)";
				CODE_SIGN_STYLE = Automatic;
				DEVELOPMENT_TEAM = DSX523G48J;
				INFOPLIST_FILE = InstagramCloneTests/Info.plist;
				LD_RUNPATH_SEARCH_PATHS = "$(inherited) @executable_path/Frameworks @loader_path/Frameworks";
				PRODUCT_BUNDLE_IDENTIFIER = com.ruberapps.InstagramCloneTests;
				PRODUCT_NAME = "$(TARGET_NAME)";
				SWIFT_VERSION = 4.0;
				TARGETED_DEVICE_FAMILY = "1,2";
				TEST_HOST = "$(BUILT_PRODUCTS_DIR)/InstagramClone.app/InstagramClone";
			};
			name = Release;
		};
		980387472041011B00D41A8A /* Debug */ = {
			isa = XCBuildConfiguration;
			baseConfigurationReference = E972AFEBE2D7F6734B4E2713 /* Pods-InstagramCloneUITests.debug.xcconfig */;
			buildSettings = {
				ALWAYS_EMBED_SWIFT_STANDARD_LIBRARIES = YES;
				CODE_SIGN_STYLE = Automatic;
				DEVELOPMENT_TEAM = DSX523G48J;
				INFOPLIST_FILE = InstagramCloneUITests/Info.plist;
				LD_RUNPATH_SEARCH_PATHS = "$(inherited) @executable_path/Frameworks @loader_path/Frameworks";
				PRODUCT_BUNDLE_IDENTIFIER = com.ruberapps.InstagramCloneUITests;
				PRODUCT_NAME = "$(TARGET_NAME)";
				SWIFT_VERSION = 4.0;
				TARGETED_DEVICE_FAMILY = "1,2";
				TEST_TARGET_NAME = InstagramClone;
			};
			name = Debug;
		};
		980387482041011B00D41A8A /* Release */ = {
			isa = XCBuildConfiguration;
			baseConfigurationReference = D45C96FB965938B255BB53DC /* Pods-InstagramCloneUITests.release.xcconfig */;
			buildSettings = {
				ALWAYS_EMBED_SWIFT_STANDARD_LIBRARIES = YES;
				CODE_SIGN_STYLE = Automatic;
				DEVELOPMENT_TEAM = DSX523G48J;
				INFOPLIST_FILE = InstagramCloneUITests/Info.plist;
				LD_RUNPATH_SEARCH_PATHS = "$(inherited) @executable_path/Frameworks @loader_path/Frameworks";
				PRODUCT_BUNDLE_IDENTIFIER = com.ruberapps.InstagramCloneUITests;
				PRODUCT_NAME = "$(TARGET_NAME)";
				SWIFT_VERSION = 4.0;
				TARGETED_DEVICE_FAMILY = "1,2";
				TEST_TARGET_NAME = InstagramClone;
			};
			name = Release;
		};
/* End XCBuildConfiguration section */

/* Begin XCConfigurationList section */
		980387132041011A00D41A8A /* Build configuration list for PBXProject "InstagramClone" */ = {
			isa = XCConfigurationList;
			buildConfigurations = (
				9803873E2041011B00D41A8A /* Debug */,
				9803873F2041011B00D41A8A /* Release */,
			);
			defaultConfigurationIsVisible = 0;
			defaultConfigurationName = Release;
		};
		980387402041011B00D41A8A /* Build configuration list for PBXNativeTarget "InstagramClone" */ = {
			isa = XCConfigurationList;
			buildConfigurations = (
				980387412041011B00D41A8A /* Debug */,
				980387422041011B00D41A8A /* Release */,
			);
			defaultConfigurationIsVisible = 0;
			defaultConfigurationName = Release;
		};
		980387432041011B00D41A8A /* Build configuration list for PBXNativeTarget "InstagramCloneTests" */ = {
			isa = XCConfigurationList;
			buildConfigurations = (
				980387442041011B00D41A8A /* Debug */,
				980387452041011B00D41A8A /* Release */,
			);
			defaultConfigurationIsVisible = 0;
			defaultConfigurationName = Release;
		};
		980387462041011B00D41A8A /* Build configuration list for PBXNativeTarget "InstagramCloneUITests" */ = {
			isa = XCConfigurationList;
			buildConfigurations = (
				980387472041011B00D41A8A /* Debug */,
				980387482041011B00D41A8A /* Release */,
			);
			defaultConfigurationIsVisible = 0;
			defaultConfigurationName = Release;
		};
/* End XCConfigurationList section */
	};
	rootObject = 980387102041011A00D41A8A /* Project object */;
}
